
Microsoft Visual Studio Solution File, Format Version 12.00
# Visual Studio Version 16
VisualStudioVersion = 16.0.31702.278
MinimumVisualStudioVersion = 10.0.40219.1
Project("{FAE04EC0-301F-11D3-BF4B-00C04F79EFBC}") = "SportCenter", "SportCenter.csproj", "{F952A4CA-1515-41D9-862E-FCCB28CB6F14}"
EndProject
Global
	GlobalSection(SolutionConfigurationPlatforms) = preSolution
		Debug|Any CPU = Debug|Any CPU
		Release|Any CPU = Release|Any CPU
	EndGlobalSection
	GlobalSection(ProjectConfigurationPlatforms) = postSolution
		{F952A4CA-1515-41D9-862E-FCCB28CB6F14}.Debug|Any CPU.ActiveCfg = Debug|Any CPU
		{F952A4CA-1515-41D9-862E-FCCB28CB6F14}.Debug|Any CPU.Build.0 = Debug|Any CPU
		{F952A4CA-1515-41D9-862E-FCCB28CB6F14}.Release|Any CPU.ActiveCfg = Release|Any CPU
		{F952A4CA-1515-41D9-862E-FCCB28CB6F14}.Release|Any CPU.Build.0 = Release|Any CPU
	EndGlobalSection
	GlobalSection(SolutionProperties) = preSolution
		HideSolutionNode = FALSE
	EndGlobalSection
	GlobalSection(ExtensibilityGlobals) = postSolution
		SolutionGuid = {F19B36EE-7EF5-4704-AD83-A0FB01ABB332}
	EndGlobalSection
EndGlobal
